
Microsoft Visual Studio Solution File, Format Version 12.00
# Visual Studio Version 17
VisualStudioVersion = 17.9.34616.47
MinimumVisualStudioVersion = 10.0.40219.1
Project("{9A19103F-16F7-4668-BE54-9A1E7A4F7556}") = "Proyecto.Api", "Proyecto.Api\Proyecto.Api.csproj", "{10B6CA6F-0AF4-4602-85FA-61B38C16DAAD}"
EndProject
Project("{9A19103F-16F7-4668-BE54-9A1E7A4F7556}") = "Proyecto.Core", "Proyecto.Core\Proyecto.Core.csproj", "{AA7682A8-6850-4864-838D-82A9D2354B8C}"
EndProject
Project("{9A19103F-16F7-4668-BE54-9A1E7A4F7556}") = "Proyecto.Infrastructure", "Proyecto.Infrastructure\Proyecto.Infrastructure.csproj", "{D88ADE04-9668-4067-A7DE-9E298230F1F8}"
EndProject
Project("{2150E333-8FDC-42A3-9474-1A3956D46DE8}") = "Elementos de la solución", "Elementos de la solución", "{6753D29D-D3BE-4E3F-A827-B575904926CE}"
	ProjectSection(SolutionItems) = preProject
		Dockerfile = Dockerfile
	EndProjectSection
EndProject
Global
	GlobalSection(SolutionConfigurationPlatforms) = preSolution
		Debug|Any CPU = Debug|Any CPU
		Release|Any CPU = Release|Any CPU
	EndGlobalSection
	GlobalSection(ProjectConfigurationPlatforms) = postSolution
		{10B6CA6F-0AF4-4602-85FA-61B38C16DAAD}.Debug|Any CPU.ActiveCfg = Debug|Any CPU
		{10B6CA6F-0AF4-4602-85FA-61B38C16DAAD}.Debug|Any CPU.Build.0 = Debug|Any CPU
		{10B6CA6F-0AF4-4602-85FA-61B38C16DAAD}.Release|Any CPU.ActiveCfg = Release|Any CPU
		{10B6CA6F-0AF4-4602-85FA-61B38C16DAAD}.Release|Any CPU.Build.0 = Release|Any CPU
		{AA7682A8-6850-4864-838D-82A9D2354B8C}.Debug|Any CPU.ActiveCfg = Debug|Any CPU
		{AA7682A8-6850-4864-838D-82A9D2354B8C}.Debug|Any CPU.Build.0 = Debug|Any CPU
		{AA7682A8-6850-4864-838D-82A9D2354B8C}.Release|Any CPU.ActiveCfg = Release|Any CPU
		{AA7682A8-6850-4864-838D-82A9D2354B8C}.Release|Any CPU.Build.0 = Release|Any CPU
		{D88ADE04-9668-4067-A7DE-9E298230F1F8}.Debug|Any CPU.ActiveCfg = Debug|Any CPU
		{D88ADE04-9668-4067-A7DE-9E298230F1F8}.Debug|Any CPU.Build.0 = Debug|Any CPU
		{D88ADE04-9668-4067-A7DE-9E298230F1F8}.Release|Any CPU.ActiveCfg = Release|Any CPU
		{D88ADE04-9668-4067-A7DE-9E298230F1F8}.Release|Any CPU.Build.0 = Release|Any CPU
	EndGlobalSection
	GlobalSection(SolutionProperties) = preSolution
		HideSolutionNode = FALSE
	EndGlobalSection
	GlobalSection(ExtensibilityGlobals) = postSolution
		SolutionGuid = {77CBDD11-34B2-4CB8-B64F-84B1C9CAFC4B}
	EndGlobalSection
EndGlobal
